<?xml version="1.0" encoding="utf-8"?>
<Project ToolsVersion="4.0" xmlns="http://schemas.microsoft.com/developer/msbuild/2003">
  <ItemGroup>
    <Filter Include="源文件">
      <UniqueIdentifier>{4FC737F1-C7A5-4376-A066-2A32D752A2FF}</UniqueIdentifier>
      <Extensions>cpp;c;cc;cxx;c++;cppm;ixx;def;odl;idl;hpj;bat;asm;asmx</Extensions>
    </Filter>
    <Filter Include="头文件">
      <UniqueIdentifier>{93995380-89BD-4b04-88EB-625FBE52EBFB}</UniqueIdentifier>
      <Extensions>h;hh;hpp;hxx;h++;hm;inl;inc;ipp;xsd</Extensions>
    </Filter>
    <Filter Include="资源文件">
      <UniqueIdentifier>{67DA6AB6-F800-4c08-8B7A-83BB121AAD01}</UniqueIdentifier>
      <Extensions>rc;ico;cur;bmp;dlg;rc2;rct;bin;rgs;gif;jpg;jpeg;jpe;resx;tiff;tif;png;wav;mfcribbon-ms</Extensions>
    </Filter>
    <Filter Include="源文件\nn">
      <UniqueIdentifier>{fe256067-9cfb-4ca6-9427-b6c6e14231e6}</UniqueIdentifier>
    </Filter>
    <Filter Include="源文件\models">
      <UniqueIdentifier>{29cc7b74-01c1-4589-9389-54f954b60382}</UniqueIdentifier>
    </Filter>
    <Filter Include="源文件\utils">
      <UniqueIdentifier>{3312ca28-75c1-40f8-8a74-a7725bf2202e}</UniqueIdentifier>
    </Filter>
    <Filter Include="源文件\ggml">
      <UniqueIdentifier>{e588ab23-8217-4f12-b5f2-f2be24b8bee2}</UniqueIdentifier>
    </Filter>
  </ItemGroup>
  <ItemGroup>
    <ClCompile Include="MSVS.cpp">
      <Filter>源文件</Filter>
    </ClCompile>
    <ClCompile Include="..\..\..\lib\models\autox_model_picodet.c">
      <Filter>源文件\models</Filter>
    </ClCompile>
    <ClCompile Include="..\..\..\lib\models\autox_model_ocr_rec.c">
      <Filter>源文件\models</Filter>
    </ClCompile>
    <ClCompile Include="..\..\..\lib\models\autox_model_shufflenetv2.c">
      <Filter>源文件\models</Filter>
    </ClCompile>
    <ClCompile Include="..\..\..\lib\models\autox_model_tinypose.c">
      <Filter>源文件\models</Filter>
    </ClCompile>
    <ClCompile Include="..\..\..\lib\utils\autox_image_hwc2chw.c">
      <Filter>源文件\utils</Filter>
    </ClCompile>
    <ClCompile Include="..\..\..\lib\utils\autox_image_normalize.c">
      <Filter>源文件\utils</Filter>
    </ClCompile>
    <ClCompile Include="..\..\..\lib\utils\autox_image_resize.c">
      <Filter>源文件\utils</Filter>
    </ClCompile>
    <ClCompile Include="..\..\..\lib\utils\autox_image_warpaffine.c">
      <Filter>源文件\utils</Filter>
    </ClCompile>
    <ClCompile Include="..\..\..\lib\nn\autox_nn_argmax.c">
      <Filter>源文件\nn</Filter>
    </ClCompile>
    <ClCompile Include="..\..\..\lib\nn\autox_nn_concat.c">
      <Filter>源文件\nn</Filter>
    </ClCompile>
    <ClCompile Include="..\..\..\lib\nn\autox_nn_conv2d.c">
      <Filter>源文件\nn</Filter>
    </ClCompile>
    <ClCompile Include="..\..\..\lib\nn\autox_nn_conv2d_depthwise.c">
      <Filter>源文件\nn</Filter>
    </ClCompile>
    <ClCompile Include="..\..\..\lib\nn\autox_nn_elementwise.c">
      <Filter>源文件\nn</Filter>
    </ClCompile>
    <ClCompile Include="..\..\..\lib\nn\autox_nn_hardsigmoid.c">
      <Filter>源文件\nn</Filter>
    </ClCompile>
    <ClCompile Include="..\..\..\lib\nn\autox_nn_hardswish.c">
      <Filter>源文件\nn</Filter>
    </ClCompile>
    <ClCompile Include="..\..\..\lib\nn\autox_nn_im2col.c">
      <Filter>源文件\nn</Filter>
    </ClCompile>
    <ClCompile Include="..\..\..\lib\nn\autox_nn_interp.c">
      <Filter>源文件\nn</Filter>
    </ClCompile>
    <ClCompile Include="..\..\..\lib\nn\autox_nn_layer_norm.c">
      <Filter>源文件\nn</Filter>
    </ClCompile>
    <ClCompile Include="..\..\..\lib\nn\autox_nn_matmul.c">
      <Filter>源文件\nn</Filter>
    </ClCompile>
    <ClCompile Include="..\..\..\lib\nn\autox_nn_pool2d.c">
      <Filter>源文件\nn</Filter>
    </ClCompile>
    <ClCompile Include="..\..\..\lib\nn\autox_nn_relu.c">
      <Filter>源文件\nn</Filter>
    </ClCompile>
    <ClCompile Include="..\..\..\lib\nn\autox_nn_scale.c">
      <Filter>源文件\nn</Filter>
    </ClCompile>
    <ClCompile Include="..\..\..\lib\nn\autox_nn_sigmoid.c">
      <Filter>源文件\nn</Filter>
    </ClCompile>
    <ClCompile Include="..\..\..\lib\nn\autox_nn_slice.c">
      <Filter>源文件\nn</Filter>
    </ClCompile>
    <ClCompile Include="..\..\..\lib\nn\autox_nn_softmax.c">
      <Filter>源文件\nn</Filter>
    </ClCompile>
    <ClCompile Include="..\..\..\lib\nn\autox_nn_split.c">
      <Filter>源文件\nn</Filter>
    </ClCompile>
    <ClCompile Include="..\..\..\lib\nn\autox_nn_sqrt.c">
      <Filter>源文件\nn</Filter>
    </ClCompile>
    <ClCompile Include="..\..\..\lib\nn\autox_nn_swish.c">
      <Filter>源文件\nn</Filter>
    </ClCompile>
    <ClCompile Include="..\..\..\lib\nn\autox_nn_transpose.c">
      <Filter>源文件\nn</Filter>
    </ClCompile>
    <ClCompile Include="..\..\..\lib\nn\autox_nn_conv2d_transpose.c">
      <Filter>源文件\nn</Filter>
    </ClCompile>
    <ClCompile Include="..\..\..\lib\models\autox_model_ocr_det.c">
      <Filter>源文件\models</Filter>
    </ClCompile>
    <ClCompile Include="..\..\..\lib\utils\autox_post_db_det.c">
      <Filter>源文件\utils</Filter>
    </ClCompile>
    <ClCompile Include="..\..\..\lib\utils\autox_post_pose.c">
      <Filter>源文件\utils</Filter>
    </ClCompile>
    <ClCompile Include="..\..\..\lib\utils\autox_post_ctc_decode.c">
      <Filter>源文件\utils</Filter>
    </ClCompile>
    <ClCompile Include="..\..\..\lib\models\autox_model_llama3.c">
      <Filter>源文件\models</Filter>
    </ClCompile>
    <ClCompile Include="..\..\..\lib\nn\autox_nn_tokenizer.c">
      <Filter>源文件\nn</Filter>
    </ClCompile>
    <ClCompile Include="..\..\..\lib\nn\autox_nn_transformer.c">
      <Filter>源文件\nn</Filter>
    </ClCompile>
    <ClCompile Include="..\..\..\lib\nn\autox_nn_multi_head_attention.c">
      <Filter>源文件\nn</Filter>
    </ClCompile>
    <ClCompile Include="..\..\..\lib\nn\autox_nn_rmsnorm.c">
      <Filter>源文件\nn</Filter>
    </ClCompile>
    <ClCompile Include="..\..\..\lib\nn\autox_nn_rope_rotation.c">
      <Filter>源文件\nn</Filter>
    </ClCompile>
    <ClCompile Include="..\..\..\lib\nn\autox_nn_swiglu.c">
      <Filter>源文件\nn</Filter>
    </ClCompile>
    <ClCompile Include="..\..\..\lib\models\autox_model_sam.c">
      <Filter>源文件\models</Filter>
    </ClCompile>
    <ClCompile Include="..\..\..\lib\utils\autox_pre_sam.c">
      <Filter>源文件\utils</Filter>
    </ClCompile>
    <ClCompile Include="..\..\..\lib\utils\autox_post_iou.c">
      <Filter>源文件\utils</Filter>
    </ClCompile>
    <ClCompile Include="..\..\..\lib\ggml\ggml_conv2d.c">
      <Filter>源文件\ggml</Filter>
    </ClCompile>
    <ClCompile Include="..\..\..\lib\ggml\ggml_mem.c">
      <Filter>源文件\ggml</Filter>
    </ClCompile>
    <ClCompile Include="..\..\..\lib\ggml\ggml_im2col.c">
      <Filter>源文件\ggml</Filter>
    </ClCompile>
    <ClCompile Include="..\..\..\lib\ggml\ggml_cont.c">
      <Filter>源文件\ggml</Filter>
    </ClCompile>
    <ClCompile Include="..\..\..\lib\ggml\ggml_mul_mat.c">
      <Filter>源文件\ggml</Filter>
    </ClCompile>
    <ClCompile Include="..\..\..\lib\ggml\ggml_add.c">
      <Filter>源文件\ggml</Filter>
    </ClCompile>
    <ClCompile Include="..\..\..\lib\ggml\ggml_repeat.c">
      <Filter>源文件\ggml</Filter>
    </ClCompile>
    <ClCompile Include="..\..\..\lib\ggml\ggml_norm.c">
      <Filter>源文件\ggml</Filter>
    </ClCompile>
    <ClCompile Include="..\..\..\lib\ggml\ggml_mul.c">
      <Filter>源文件\ggml</Filter>
    </ClCompile>
    <ClCompile Include="..\..\..\lib\ggml\ggml_scale.c">
      <Filter>源文件\ggml</Filter>
    </ClCompile>
    <ClCompile Include="..\..\..\lib\ggml\ggml_get_rel_pos.c">
      <Filter>源文件\ggml</Filter>
    </ClCompile>
    <ClCompile Include="..\..\..\lib\ggml\ggml_soft_max.c">
      <Filter>源文件\ggml</Filter>
    </ClCompile>
    <ClCompile Include="..\..\..\lib\ggml\ggml_win_part.c">
      <Filter>源文件\ggml</Filter>
    </ClCompile>
    <ClCompile Include="..\..\..\lib\ggml\ggml_win_unpart.c">
      <Filter>源文件\ggml</Filter>
    </ClCompile>
    <ClCompile Include="..\..\..\lib\ggml\ggml_unary.c">
      <Filter>源文件\ggml</Filter>
    </ClCompile>
    <ClCompile Include="..\..\..\lib\ggml\ggml_layer_norm_2d.c">
      <Filter>源文件\ggml</Filter>
    </ClCompile>
    <ClCompile Include="..\..\..\lib\ggml\ggml_sam_cos.c">
      <Filter>源文件\ggml</Filter>
    </ClCompile>
    <ClCompile Include="..\..\..\lib\ggml\ggml_sam_sin.c">
      <Filter>源文件\ggml</Filter>
    </ClCompile>
    <ClCompile Include="..\..\..\lib\ggml\ggml_transpose.c">
      <Filter>源文件\ggml</Filter>
    </ClCompile>
    <ClCompile Include="..\..\..\lib\ggml\ggml_cpy.c">
      <Filter>源文件\ggml</Filter>
    </ClCompile>
  </ItemGroup>
  <ItemGroup>
    <ClInclude Include="..\..\..\lib\include\autox_models.h">
      <Filter>头文件</Filter>
    </ClInclude>
    <ClInclude Include="..\..\..\lib\include\autox_nn.h">
      <Filter>头文件</Filter>
    </ClInclude>
    <ClInclude Include="..\..\..\lib\include\avx_ansi.h">
      <Filter>头文件</Filter>
    </ClInclude>
    <ClInclude Include="..\..\..\lib\include\stb_image.h">
      <Filter>头文件</Filter>
    </ClInclude>
    <ClInclude Include="..\..\..\lib\include\stb_image_write.h">
      <Filter>头文件</Filter>
    </ClInclude>
    <ClInclude Include="..\..\..\lib\include\ggml.h">
      <Filter>头文件</Filter>
    </ClInclude>
  </ItemGroup>
</Project>